
Microsoft Visual Studio Solution File, Format Version 12.00
# Visual Studio Version 17
VisualStudioVersion = 17.1.32228.430
MinimumVisualStudioVersion = 10.0.40219.1
Project("{FAE04EC0-301F-11D3-BF4B-00C04F79EFBC}") = "WPFSem4", "WPFSem4.csproj", "{4CC2123C-9BC0-401C-94BB-7CACFFCE1357}"
EndProject
Global
	GlobalSection(SolutionConfigurationPlatforms) = preSolution
		Debug|Any CPU = Debug|Any CPU
		Release|Any CPU = Release|Any CPU
	EndGlobalSection
	GlobalSection(ProjectConfigurationPlatforms) = postSolution
		{4CC2123C-9BC0-401C-94BB-7CACFFCE1357}.Debug|Any CPU.ActiveCfg = Debug|Any CPU
		{4CC2123C-9BC0-401C-94BB-7CACFFCE1357}.Debug|Any CPU.Build.0 = Debug|Any CPU
		{4CC2123C-9BC0-401C-94BB-7CACFFCE1357}.Release|Any CPU.ActiveCfg = Release|Any CPU
		{4CC2123C-9BC0-401C-94BB-7CACFFCE1357}.Release|Any CPU.Build.0 = Release|Any CPU
	EndGlobalSection
	GlobalSection(SolutionProperties) = preSolution
		HideSolutionNode = FALSE
	EndGlobalSection
	GlobalSection(ExtensibilityGlobals) = postSolution
		SolutionGuid = {97803BD6-1507-4B30-AE6B-66BB928D42B1}
	EndGlobalSection
EndGlobal
